// !$*UTF8*$!
{
	archiveVersion = 1;
	classes = {
	};
	objectVersion = 46;
	objects = {

/* Begin PBXBuildFile section */
		639D692F182B774800A451AE /* main.cpp in Sources */ = {isa = PBXBuildFile; fileRef = 639D692E182B774800A451AE /* main.cpp */; };
		639D6931182B774800A451AE /* myserver.1 in CopyFiles */ = {isa = PBXBuildFile; fileRef = 639D6930182B774800A451AE /* myserver.1 */; };
		639D696B182B970A00A451AE /* libmysqlcppconn-static.a in Frameworks */ = {isa = PBXBuildFile; fileRef = 639D6965182B970A00A451AE /* libmysqlcppconn-static.a */; };
		639D696C182B970A00A451AE /* CDatPacket.cpp in Sources */ = {isa = PBXBuildFile; fileRef = 639D6967182B970A00A451AE /* CDatPacket.cpp */; };
		639D696D182B970A00A451AE /* json.cpp in Sources */ = {isa = PBXBuildFile; fileRef = 639D6969182B970A00A451AE /* json.cpp */; };
/* End PBXBuildFile section */

/* Begin PBXCopyFilesBuildPhase section */
		639D6929182B774800A451AE /* CopyFiles */ = {
			isa = PBXCopyFilesBuildPhase;
			buildActionMask = 2147483647;
			dstPath = /usr/share/man/man1/;
			dstSubfolderSpec = 0;
			files = (
				639D6931182B774800A451AE /* myserver.1 in CopyFiles */,
			);
			runOnlyForDeploymentPostprocessing = 1;
		};
/* End PBXCopyFilesBuildPhase section */

/* Begin PBXFileReference section */
		639D692B182B774800A451AE /* myserver */ = {isa = PBXFileReference; explicitFileType = "compiled.mach-o.executable"; includeInIndex = 0; path = myserver; sourceTree = BUILT_PRODUCTS_DIR; };
		639D692E182B774800A451AE /* main.cpp */ = {isa = PBXFileReference; lastKnownFileType = sourcecode.cpp.cpp; path = main.cpp; sourceTree = "<group>"; };
		639D6930182B774800A451AE /* myserver.1 */ = {isa = PBXFileReference; lastKnownFileType = text.man; path = myserver.1; sourceTree = "<group>"; };
		639D6955182B970A00A451AE /* build_config.h */ = {isa = PBXFileReference; fileEncoding = 4; lastKnownFileType = sourcecode.c.h; path = build_config.h; sourceTree = "<group>"; };
		639D6956182B970A00A451AE /* config.h */ = {isa = PBXFileReference; fileEncoding = 4; lastKnownFileType = sourcecode.c.h; path = config.h; sourceTree = "<group>"; };
		639D6957182B970A00A451AE /* connection.h */ = {isa = PBXFileReference; fileEncoding = 4; lastKnownFileType = sourcecode.c.h; path = connection.h; sourceTree = "<group>"; };
		639D6958182B970A00A451AE /* datatype.h */ = {isa = PBXFileReference; fileEncoding = 4; lastKnownFileType = sourcecode.c.h; path = datatype.h; sourceTree = "<group>"; };
		639D6959182B970A00A451AE /* driver.h */ = {isa = PBXFileReference; fileEncoding = 4; lastKnownFileType = sourcecode.c.h; path = driver.h; sourceTree = "<group>"; };
		639D695A182B970A00A451AE /* exception.h */ = {isa = PBXFileReference; fileEncoding = 4; lastKnownFileType = sourcecode.c.h; path = exception.h; sourceTree = "<group>"; };
		639D695B182B970A00A451AE /* metadata.h */ = {isa = PBXFileReference; fileEncoding = 4; lastKnownFileType = sourcecode.c.h; path = metadata.h; sourceTree = "<group>"; };
		639D695C182B970A00A451AE /* parameter_metadata.h */ = {isa = PBXFileReference; fileEncoding = 4; lastKnownFileType = sourcecode.c.h; path = parameter_metadata.h; sourceTree = "<group>"; };
		639D695D182B970A00A451AE /* prepared_statement.h */ = {isa = PBXFileReference; fileEncoding = 4; lastKnownFileType = sourcecode.c.h; path = prepared_statement.h; sourceTree = "<group>"; };
		639D695E182B970A00A451AE /* resultset.h */ = {isa = PBXFileReference; fileEncoding = 4; lastKnownFileType = sourcecode.c.h; path = resultset.h; sourceTree = "<group>"; };
		639D695F182B970A00A451AE /* resultset_metadata.h */ = {isa = PBXFileReference; fileEncoding = 4; lastKnownFileType = sourcecode.c.h; path = resultset_metadata.h; sourceTree = "<group>"; };
		639D6960182B970A00A451AE /* sqlstring.h */ = {isa = PBXFileReference; fileEncoding = 4; lastKnownFileType = sourcecode.c.h; path = sqlstring.h; sourceTree = "<group>"; };
		639D6961182B970A00A451AE /* statement.h */ = {isa = PBXFileReference; fileEncoding = 4; lastKnownFileType = sourcecode.c.h; path = statement.h; sourceTree = "<group>"; };
		639D6962182B970A00A451AE /* warning.h */ = {isa = PBXFileReference; fileEncoding = 4; lastKnownFileType = sourcecode.c.h; path = warning.h; sourceTree = "<group>"; };
		639D6963182B970A00A451AE /* mysql_connection.h */ = {isa = PBXFileReference; fileEncoding = 4; lastKnownFileType = sourcecode.c.h; path = mysql_connection.h; sourceTree = "<group>"; };
		639D6964182B970A00A451AE /* mysql_driver.h */ = {isa = PBXFileReference; fileEncoding = 4; lastKnownFileType = sourcecode.c.h; path = mysql_driver.h; sourceTree = "<group>"; };
		639D6965182B970A00A451AE /* libmysqlcppconn-static.a */ = {isa = PBXFileReference; lastKnownFileType = archive.ar; path = "libmysqlcppconn-static.a"; sourceTree = "<group>"; };
		639D6967182B970A00A451AE /* CDatPacket.cpp */ = {isa = PBXFileReference; fileEncoding = 4; lastKnownFileType = sourcecode.cpp.cpp; path = CDatPacket.cpp; sourceTree = "<group>"; };
		639D6968182B970A00A451AE /* CDatPacket.h */ = {isa = PBXFileReference; fileEncoding = 4; lastKnownFileType = sourcecode.c.h; path = CDatPacket.h; sourceTree = "<group>"; };
		639D6969182B970A00A451AE /* json.cpp */ = {isa = PBXFileReference; fileEncoding = 4; lastKnownFileType = sourcecode.cpp.cpp; path = json.cpp; sourceTree = "<group>"; };
		639D696A182B970A00A451AE /* json.h */ = {isa = PBXFileReference; fileEncoding = 4; lastKnownFileType = sourcecode.c.h; path = json.h; sourceTree = "<group>"; };
		639D696F182B97F800A451AE /* stdafx.h */ = {isa = PBXFileReference; fileEncoding = 4; lastKnownFileType = sourcecode.c.h; path = stdafx.h; sourceTree = "<group>"; };
/* End PBXFileReference section */

/* Begin PBXFrameworksBuildPhase section */
		639D6928182B774800A451AE /* Frameworks */ = {
			isa = PBXFrameworksBuildPhase;
			buildActionMask = 2147483647;
			files = (
				639D696B182B970A00A451AE /* libmysqlcppconn-static.a in Frameworks */,
			);
			runOnlyForDeploymentPostprocessing = 0;
		};
/* End PBXFrameworksBuildPhase section */

/* Begin PBXGroup section */
		639D6922182B774800A451AE = {
			isa = PBXGroup;
			children = (
				639D692D182B774800A451AE /* myserver */,
				639D692C182B774800A451AE /* Products */,
			);
			sourceTree = "<group>";
		};
		639D692C182B774800A451AE /* Products */ = {
			isa = PBXGroup;
			children = (
				639D692B182B774800A451AE /* myserver */,
			);
			name = Products;
			sourceTree = "<group>";
		};
		639D692D182B774800A451AE /* myserver */ = {
			isa = PBXGroup;
			children = (
				639D696E182B97F800A451AE /* common */,
				639D6951182B970A00A451AE /* lib */,
				639D692E182B774800A451AE /* main.cpp */,
				639D6930182B774800A451AE /* myserver.1 */,
			);
			path = myserver;
			sourceTree = "<group>";
		};
		639D6951182B970A00A451AE /* lib */ = {
			isa = PBXGroup;
			children = (
				639D6952182B970A00A451AE /* mysql */,
				639D6966182B970A00A451AE /* network */,
			);
			path = lib;
			sourceTree = "<group>";
		};
		639D6952182B970A00A451AE /* mysql */ = {
			isa = PBXGroup;
			children = (
				639D6953182B970A00A451AE /* include */,
				639D6965182B970A00A451AE /* libmysqlcppconn-static.a */,
			);
			path = mysql;
			sourceTree = "<group>";
		};
		639D6953182B970A00A451AE /* include */ = {
			isa = PBXGroup;
			children = (
				639D6954182B970A00A451AE /* cppconn */,
				639D6963182B970A00A451AE /* mysql_connection.h */,
				639D6964182B970A00A451AE /* mysql_driver.h */,
			);
			path = include;
			sourceTree = "<group>";
		};
		639D6954182B970A00A451AE /* cppconn */ = {
			isa = PBXGroup;
			children = (
				639D6955182B970A00A451AE /* build_config.h */,
				639D6956182B970A00A451AE /* config.h */,
				639D6957182B970A00A451AE /* connection.h */,
				639D6958182B970A00A451AE /* datatype.h */,
				639D6959182B970A00A451AE /* driver.h */,
				639D695A182B970A00A451AE /* exception.h */,
				639D695B182B970A00A451AE /* metadata.h */,
				639D695C182B970A00A451AE /* parameter_metadata.h */,
				639D695D182B970A00A451AE /* prepared_statement.h */,
				639D695E182B970A00A451AE /* resultset.h */,
				639D695F182B970A00A451AE /* resultset_metadata.h */,
				639D6960182B970A00A451AE /* sqlstring.h */,
				639D6961182B970A00A451AE /* statement.h */,
				639D6962182B970A00A451AE /* warning.h */,
			);
			path = cppconn;
			sourceTree = "<group>";
		};
		639D6966182B970A00A451AE /* network */ = {
			isa = PBXGroup;
			children = (
				639D6967182B970A00A451AE /* CDatPacket.cpp */,
				639D6968182B970A00A451AE /* CDatPacket.h */,
				639D6969182B970A00A451AE /* json.cpp */,
				639D696A182B970A00A451AE /* json.h */,
			);
			path = network;
			sourceTree = "<group>";
		};
		639D696E182B97F800A451AE /* common */ = {
			isa = PBXGroup;
			children = (
				639D696F182B97F800A451AE /* stdafx.h */,
			);
			path = common;
			sourceTree = "<group>";
		};
/* End PBXGroup section */

/* Begin PBXNativeTarget section */
		639D692A182B774800A451AE /* myserver */ = {
			isa = PBXNativeTarget;
			buildConfigurationList = 639D6934182B774800A451AE /* Build configuration list for PBXNativeTarget "myserver" */;
			buildPhases = (
				639D6927182B774800A451AE /* Sources */,
				639D6928182B774800A451AE /* Frameworks */,
				639D6929182B774800A451AE /* CopyFiles */,
			);
			buildRules = (
			);
			dependencies = (
			);
			name = myserver;
			productName = myserver;
			productReference = 639D692B182B774800A451AE /* myserver */;
			productType = "com.apple.product-type.tool";
		};
/* End PBXNativeTarget section */

/* Begin PBXProject section */
		639D6923182B774800A451AE /* Project object */ = {
			isa = PBXProject;
			attributes = {
				LastUpgradeCheck = 0500;
				ORGANIZATIONNAME = anjun;
			};
			buildConfigurationList = 639D6926182B774800A451AE /* Build configuration list for PBXProject "myserver" */;
			compatibilityVersion = "Xcode 3.2";
			developmentRegion = English;
			hasScannedForEncodings = 0;
			knownRegions = (
				en,
			);
			mainGroup = 639D6922182B774800A451AE;
			productRefGroup = 639D692C182B774800A451AE /* Products */;
			projectDirPath = "";
			projectRoot = "";
			targets = (
				639D692A182B774800A451AE /* myserver */,
			);
		};
/* End PBXProject section */

/* Begin PBXSourcesBuildPhase section */
		639D6927182B774800A451AE /* Sources */ = {
			isa = PBXSourcesBuildPhase;
			buildActionMask = 2147483647;
			files = (
				639D692F182B774800A451AE /* main.cpp in Sources */,
				639D696C182B970A00A451AE /* CDatPacket.cpp in Sources */,
				639D696D182B970A00A451AE /* json.cpp in Sources */,
			);
			runOnlyForDeploymentPostprocessing = 0;
		};
/* End PBXSourcesBuildPhase section */

/* Begin XCBuildConfiguration section */
		639D6932182B774800A451AE /* Debug */ = {
			isa = XCBuildConfiguration;
			buildSettings = {
				ALWAYS_SEARCH_USER_PATHS = NO;
				CLANG_CXX_LANGUAGE_STANDARD = "gnu++0x";
				CLANG_CXX_LIBRARY = "libc++";
				CLANG_ENABLE_OBJC_ARC = YES;
				CLANG_WARN_BOOL_CONVERSION = YES;
				CLANG_WARN_CONSTANT_CONVERSION = YES;
				CLANG_WARN_DIRECT_OBJC_ISA_USAGE = YES_ERROR;
				CLANG_WARN_EMPTY_BODY = YES;
				CLANG_WARN_ENUM_CONVERSION = YES;
				CLANG_WARN_INT_CONVERSION = YES;
				CLANG_WARN_OBJC_ROOT_CLASS = YES_ERROR;
				CLANG_WARN__DUPLICATE_METHOD_MATCH = YES;
				COPY_PHASE_STRIP = NO;
				GCC_C_LANGUAGE_STANDARD = gnu99;
				GCC_DYNAMIC_NO_PIC = NO;
				GCC_ENABLE_OBJC_EXCEPTIONS = YES;
				GCC_OPTIMIZATION_LEVEL = 0;
				GCC_PREPROCESSOR_DEFINITIONS = (
					"DEBUG=1",
					"$(inherited)",
				);
				GCC_SYMBOLS_PRIVATE_EXTERN = NO;
				GCC_WARN_64_TO_32_BIT_CONVERSION = YES;
				GCC_WARN_ABOUT_RETURN_TYPE = YES_ERROR;
				GCC_WARN_UNDECLARED_SELECTOR = YES;
				GCC_WARN_UNINITIALIZED_AUTOS = YES;
				GCC_WARN_UNUSED_FUNCTION = YES;
				GCC_WARN_UNUSED_VARIABLE = YES;
				MACOSX_DEPLOYMENT_TARGET = 10.8;
				ONLY_ACTIVE_ARCH = YES;
				SDKROOT = macosx;
			};
			name = Debug;
		};
		639D6933182B774800A451AE /* Release */ = {
			isa = XCBuildConfiguration;
			buildSettings = {
				ALWAYS_SEARCH_USER_PATHS = NO;
				CLANG_CXX_LANGUAGE_STANDARD = "gnu++0x";
				CLANG_CXX_LIBRARY = "libc++";
				CLANG_ENABLE_OBJC_ARC = YES;
				CLANG_WARN_BOOL_CONVERSION = YES;
				CLANG_WARN_CONSTANT_CONVERSION = YES;
				CLANG_WARN_DIRECT_OBJC_ISA_USAGE = YES_ERROR;
				CLANG_WARN_EMPTY_BODY = YES;
				CLANG_WARN_ENUM_CONVERSION = YES;
				CLANG_WARN_INT_CONVERSION = YES;
				CLANG_WARN_OBJC_ROOT_CLASS = YES_ERROR;
				CLANG_WARN__DUPLICATE_METHOD_MATCH = YES;
				COPY_PHASE_STRIP = YES;
				DEBUG_INFORMATION_FORMAT = "dwarf-with-dsym";
				ENABLE_NS_ASSERTIONS = NO;
				GCC_C_LANGUAGE_STANDARD = gnu99;
				GCC_ENABLE_OBJC_EXCEPTIONS = YES;
				GCC_WARN_64_TO_32_BIT_CONVERSION = YES;
				GCC_WARN_ABOUT_RETURN_TYPE = YES_ERROR;
				GCC_WARN_UNDECLARED_SELECTOR = YES;
				GCC_WARN_UNINITIALIZED_AUTOS = YES;
				GCC_WARN_UNUSED_FUNCTION = YES;
				GCC_WARN_UNUSED_VARIABLE = YES;
				MACOSX_DEPLOYMENT_TARGET = 10.8;
				SDKROOT = macosx;
			};
			name = Release;
		};
		639D6935182B774800A451AE /* Debug */ = {
			isa = XCBuildConfiguration;
			buildSettings = {
				LIBRARY_SEARCH_PATHS = (
					"$(inherited)",
					/Users/devil/anjun/dev/git/ctest/p/myserver/myserver/lib/mysql,
				);
				PRODUCT_NAME = "$(TARGET_NAME)";
			};
			name = Debug;
		};
		639D6936182B774800A451AE /* Release */ = {
			isa = XCBuildConfiguration;
			buildSettings = {
				LIBRARY_SEARCH_PATHS = (
					"$(inherited)",
					/Users/devil/anjun/dev/git/ctest/p/myserver/myserver/lib/mysql,
				);
				PRODUCT_NAME = "$(TARGET_NAME)";
			};
			name = Release;
		};
/* End XCBuildConfiguration section */

/* Begin XCConfigurationList section */
		639D6926182B774800A451AE /* Build configuration list for PBXProject "myserver" */ = {
			isa = XCConfigurationList;
			buildConfigurations = (
				639D6932182B774800A451AE /* Debug */,
				639D6933182B774800A451AE /* Release */,
			);
			defaultConfigurationIsVisible = 0;
			defaultConfigurationName = Release;
		};
		639D6934182B774800A451AE /* Build configuration list for PBXNativeTarget "myserver" */ = {
			isa = XCConfigurationList;
			buildConfigurations = (
				639D6935182B774800A451AE /* Debug */,
				639D6936182B774800A451AE /* Release */,
			);
			defaultConfigurationIsVisible = 0;
			defaultConfigurationName = Release;
		};
/* End XCConfigurationList section */
	};
	rootObject = 639D6923182B774800A451AE /* Project object */;
}
